// !$*UTF8*$!
{
	archiveVersion = 1;
	classes = {
	};
	objectVersion = 50;
	objects = {

/* Begin PBXBuildFile section */
		84724CC972B6ECE071A678C4 /* Pods_Diet.framework in Frameworks */ = {isa = PBXBuildFile; fileRef = 65EA9E04DFA8B088562DC952 /* Pods_Diet.framework */; };
		A50250CC2178B84B00F674B3 /* SelectingViewController.storyboard in Resources */ = {isa = PBXBuildFile; fileRef = A50250CB2178B84B00F674B3 /* SelectingViewController.storyboard */; };
		A50250CE2178BCFC00F674B3 /* SelectingViewController.swift in Sources */ = {isa = PBXBuildFile; fileRef = A50250CD2178BCFC00F674B3 /* SelectingViewController.swift */; };
		A50250D02178C79D00F674B3 /* TestPageViewController.swift in Sources */ = {isa = PBXBuildFile; fileRef = A50250CF2178C79D00F674B3 /* TestPageViewController.swift */; };
		A50250D32178CB7200F674B3 /* TestViewData.swift in Sources */ = {isa = PBXBuildFile; fileRef = A50250D22178CB7200F674B3 /* TestViewData.swift */; };
		A50250D52178E79000F674B3 /* TriangleView.swift in Sources */ = {isa = PBXBuildFile; fileRef = A50250D42178E79000F674B3 /* TriangleView.swift */; };
		A50250D72178F4F300F674B3 /* ProgressBar.swift in Sources */ = {isa = PBXBuildFile; fileRef = A50250D62178F4F300F674B3 /* ProgressBar.swift */; };
		A548E9CE21776DB000FC62EE /* WelcomeViewController.swift in Sources */ = {isa = PBXBuildFile; fileRef = A548E9CD21776DB000FC62EE /* WelcomeViewController.swift */; };
		A548E9D02177722D00FC62EE /* WelcomePageViewController.storyboard in Resources */ = {isa = PBXBuildFile; fileRef = A548E9CF2177722D00FC62EE /* WelcomePageViewController.storyboard */; };
		A548E9D22177744200FC62EE /* UIViewControllerExtension.swift in Sources */ = {isa = PBXBuildFile; fileRef = A548E9D12177744200FC62EE /* UIViewControllerExtension.swift */; };
		A548E9D42177767900FC62EE /* NSObjectExtension.swift in Sources */ = {isa = PBXBuildFile; fileRef = A548E9D32177767900FC62EE /* NSObjectExtension.swift */; };
		A548E9D62177783800FC62EE /* WelcomePageViewController.swift in Sources */ = {isa = PBXBuildFile; fileRef = A548E9D52177783800FC62EE /* WelcomePageViewController.swift */; };
		A548E9D8217787A100FC62EE /* DefaultActionButton.swift in Sources */ = {isa = PBXBuildFile; fileRef = A548E9D7217787A100FC62EE /* DefaultActionButton.swift */; };
		A57C7B0221764278008DA476 /* Network.swift in Sources */ = {isa = PBXBuildFile; fileRef = A57C7B0121764278008DA476 /* Network.swift */; };
		A58CC53C216CF65100B20CE9 /* AppDelegate.swift in Sources */ = {isa = PBXBuildFile; fileRef = A58CC53B216CF65100B20CE9 /* AppDelegate.swift */; };
		A58CC53E216CF65100B20CE9 /* MainViewController.swift in Sources */ = {isa = PBXBuildFile; fileRef = A58CC53D216CF65100B20CE9 /* MainViewController.swift */; };
		A58CC541216CF65100B20CE9 /* Main.storyboard in Resources */ = {isa = PBXBuildFile; fileRef = A58CC53F216CF65100B20CE9 /* Main.storyboard */; };
		A58CC543216CF65200B20CE9 /* Assets.xcassets in Resources */ = {isa = PBXBuildFile; fileRef = A58CC542216CF65200B20CE9 /* Assets.xcassets */; };
		A58CC546216CF65200B20CE9 /* LaunchScreen.storyboard in Resources */ = {isa = PBXBuildFile; fileRef = A58CC544216CF65200B20CE9 /* LaunchScreen.storyboard */; };
		A58CC552216CF96700B20CE9 /* UpperCell.swift in Sources */ = {isa = PBXBuildFile; fileRef = A58CC550216CF96700B20CE9 /* UpperCell.swift */; };
		A58CC553216CF96700B20CE9 /* UpperCell.xib in Resources */ = {isa = PBXBuildFile; fileRef = A58CC551216CF96700B20CE9 /* UpperCell.xib */; };
		A58CC557216D097900B20CE9 /* AmountOfWeightToLose.swift in Sources */ = {isa = PBXBuildFile; fileRef = A58CC555216D097900B20CE9 /* AmountOfWeightToLose.swift */; };
		A58CC558216D097900B20CE9 /* AmountOfWeightToLose.xib in Resources */ = {isa = PBXBuildFile; fileRef = A58CC556216D097900B20CE9 /* AmountOfWeightToLose.xib */; };
		A58CC55B216D0C9500B20CE9 /* WeightToLoseCell.swift in Sources */ = {isa = PBXBuildFile; fileRef = A58CC559216D0C9500B20CE9 /* WeightToLoseCell.swift */; };
		A58CC55C216D0C9500B20CE9 /* WeightToLoseCell.xib in Resources */ = {isa = PBXBuildFile; fileRef = A58CC55A216D0C9500B20CE9 /* WeightToLoseCell.xib */; };
		A58CC55F216D100500B20CE9 /* HumanСharacteristic.swift in Sources */ = {isa = PBXBuildFile; fileRef = A58CC55D216D100500B20CE9 /* HumanСharacteristic.swift */; };
		A58CC560216D100500B20CE9 /* HumanСharacteristic.xib in Resources */ = {isa = PBXBuildFile; fileRef = A58CC55E216D100500B20CE9 /* HumanСharacteristic.xib */; };
		A5B02C66217A241200A9E3A4 /* GenderSelectorViewController.storyboard in Resources */ = {isa = PBXBuildFile; fileRef = A5B02C65217A241200A9E3A4 /* GenderSelectorViewController.storyboard */; };
		A5B02C68217A29C900A9E3A4 /* GenderSelectorViewController.swift in Sources */ = {isa = PBXBuildFile; fileRef = A5B02C67217A29C900A9E3A4 /* GenderSelectorViewController.swift */; };
		A5E0C330216F95170045975E /* StringExtentions.swift in Sources */ = {isa = PBXBuildFile; fileRef = A5E0C32F216F95170045975E /* StringExtentions.swift */; };
		A5E0C334216F9B560045975E /* CharacteristicCell.swift in Sources */ = {isa = PBXBuildFile; fileRef = A5E0C332216F9B560045975E /* CharacteristicCell.swift */; };
		A5E0C335216F9B560045975E /* CharacteristicCell.xib in Resources */ = {isa = PBXBuildFile; fileRef = A5E0C333216F9B560045975E /* CharacteristicCell.xib */; };
		A5EA83852170F6E70088F8FE /* MainPageInteractor.swift in Sources */ = {isa = PBXBuildFile; fileRef = A5EA83842170F6E70088F8FE /* MainPageInteractor.swift */; };
		A5EA83882170F7370088F8FE /* NetworkService.swift in Sources */ = {isa = PBXBuildFile; fileRef = A5EA83872170F7370088F8FE /* NetworkService.swift */; };
		A5EA838A2170F78D0088F8FE /* FetchingErroHandler.swift in Sources */ = {isa = PBXBuildFile; fileRef = A5EA83892170F78D0088F8FE /* FetchingErroHandler.swift */; };
		A5EA838C2170F81C0088F8FE /* RecipeNetworkService.swift in Sources */ = {isa = PBXBuildFile; fileRef = A5EA838B2170F81C0088F8FE /* RecipeNetworkService.swift */; };
		A5EA838E2170F8830088F8FE /* Recipe.swift in Sources */ = {isa = PBXBuildFile; fileRef = A5EA838D2170F8830088F8FE /* Recipe.swift */; };
		A5EA83932170FA260088F8FE /* MainPageInteractorOutput.swift in Sources */ = {isa = PBXBuildFile; fileRef = A5EA83922170FA260088F8FE /* MainPageInteractorOutput.swift */; };
/* End PBXBuildFile section */

/* Begin PBXFileReference section */
		50141B71EF97BFCDBE67B05F /* Pods-Diet.release.xcconfig */ = {isa = PBXFileReference; includeInIndex = 1; lastKnownFileType = text.xcconfig; name = "Pods-Diet.release.xcconfig"; path = "Pods/Target Support Files/Pods-Diet/Pods-Diet.release.xcconfig"; sourceTree = "<group>"; };
		65EA9E04DFA8B088562DC952 /* Pods_Diet.framework */ = {isa = PBXFileReference; explicitFileType = wrapper.framework; includeInIndex = 0; path = Pods_Diet.framework; sourceTree = BUILT_PRODUCTS_DIR; };
		A50250CB2178B84B00F674B3 /* SelectingViewController.storyboard */ = {isa = PBXFileReference; lastKnownFileType = file.storyboard; path = SelectingViewController.storyboard; sourceTree = "<group>"; };
		A50250CD2178BCFC00F674B3 /* SelectingViewController.swift */ = {isa = PBXFileReference; lastKnownFileType = sourcecode.swift; path = SelectingViewController.swift; sourceTree = "<group>"; };
		A50250CF2178C79D00F674B3 /* TestPageViewController.swift */ = {isa = PBXFileReference; lastKnownFileType = sourcecode.swift; path = TestPageViewController.swift; sourceTree = "<group>"; };
		A50250D22178CB7200F674B3 /* TestViewData.swift */ = {isa = PBXFileReference; lastKnownFileType = sourcecode.swift; path = TestViewData.swift; sourceTree = "<group>"; };
		A50250D42178E79000F674B3 /* TriangleView.swift */ = {isa = PBXFileReference; lastKnownFileType = sourcecode.swift; path = TriangleView.swift; sourceTree = "<group>"; };
		A50250D62178F4F300F674B3 /* ProgressBar.swift */ = {isa = PBXFileReference; lastKnownFileType = sourcecode.swift; path = ProgressBar.swift; sourceTree = "<group>"; };
		A548E9CD21776DB000FC62EE /* WelcomeViewController.swift */ = {isa = PBXFileReference; lastKnownFileType = sourcecode.swift; path = WelcomeViewController.swift; sourceTree = "<group>"; };
		A548E9CF2177722D00FC62EE /* WelcomePageViewController.storyboard */ = {isa = PBXFileReference; lastKnownFileType = file.storyboard; path = WelcomePageViewController.storyboard; sourceTree = "<group>"; };
		A548E9D12177744200FC62EE /* UIViewControllerExtension.swift */ = {isa = PBXFileReference; lastKnownFileType = sourcecode.swift; path = UIViewControllerExtension.swift; sourceTree = "<group>"; };
		A548E9D32177767900FC62EE /* NSObjectExtension.swift */ = {isa = PBXFileReference; lastKnownFileType = sourcecode.swift; path = NSObjectExtension.swift; sourceTree = "<group>"; };
		A548E9D52177783800FC62EE /* WelcomePageViewController.swift */ = {isa = PBXFileReference; lastKnownFileType = sourcecode.swift; path = WelcomePageViewController.swift; sourceTree = "<group>"; };
		A548E9D7217787A100FC62EE /* DefaultActionButton.swift */ = {isa = PBXFileReference; lastKnownFileType = sourcecode.swift; path = DefaultActionButton.swift; sourceTree = "<group>"; };
		A57C7B0121764278008DA476 /* Network.swift */ = {isa = PBXFileReference; lastKnownFileType = sourcecode.swift; path = Network.swift; sourceTree = "<group>"; };
		A58CC538216CF65100B20CE9 /* Diet.app */ = {isa = PBXFileReference; explicitFileType = wrapper.application; includeInIndex = 0; path = Diet.app; sourceTree = BUILT_PRODUCTS_DIR; };
		A58CC53B216CF65100B20CE9 /* AppDelegate.swift */ = {isa = PBXFileReference; lastKnownFileType = sourcecode.swift; path = AppDelegate.swift; sourceTree = "<group>"; };
		A58CC53D216CF65100B20CE9 /* MainViewController.swift */ = {isa = PBXFileReference; lastKnownFileType = sourcecode.swift; path = MainViewController.swift; sourceTree = "<group>"; };
		A58CC540216CF65100B20CE9 /* Base */ = {isa = PBXFileReference; lastKnownFileType = file.storyboard; name = Base; path = Base.lproj/Main.storyboard; sourceTree = "<group>"; };
		A58CC542216CF65200B20CE9 /* Assets.xcassets */ = {isa = PBXFileReference; lastKnownFileType = folder.assetcatalog; path = Assets.xcassets; sourceTree = "<group>"; };
		A58CC545216CF65200B20CE9 /* Base */ = {isa = PBXFileReference; lastKnownFileType = file.storyboard; name = Base; path = Base.lproj/LaunchScreen.storyboard; sourceTree = "<group>"; };
		A58CC547216CF65200B20CE9 /* Info.plist */ = {isa = PBXFileReference; lastKnownFileType = text.plist.xml; path = Info.plist; sourceTree = "<group>"; };
		A58CC550216CF96700B20CE9 /* UpperCell.swift */ = {isa = PBXFileReference; lastKnownFileType = sourcecode.swift; path = UpperCell.swift; sourceTree = "<group>"; };
		A58CC551216CF96700B20CE9 /* UpperCell.xib */ = {isa = PBXFileReference; lastKnownFileType = file.xib; path = UpperCell.xib; sourceTree = "<group>"; };
		A58CC555216D097900B20CE9 /* AmountOfWeightToLose.swift */ = {isa = PBXFileReference; lastKnownFileType = sourcecode.swift; path = AmountOfWeightToLose.swift; sourceTree = "<group>"; };
		A58CC556216D097900B20CE9 /* AmountOfWeightToLose.xib */ = {isa = PBXFileReference; lastKnownFileType = file.xib; path = AmountOfWeightToLose.xib; sourceTree = "<group>"; };
		A58CC559216D0C9500B20CE9 /* WeightToLoseCell.swift */ = {isa = PBXFileReference; lastKnownFileType = sourcecode.swift; path = WeightToLoseCell.swift; sourceTree = "<group>"; };
		A58CC55A216D0C9500B20CE9 /* WeightToLoseCell.xib */ = {isa = PBXFileReference; lastKnownFileType = file.xib; path = WeightToLoseCell.xib; sourceTree = "<group>"; };
		A58CC55D216D100500B20CE9 /* HumanСharacteristic.swift */ = {isa = PBXFileReference; lastKnownFileType = sourcecode.swift; path = "HumanСharacteristic.swift"; sourceTree = "<group>"; };
		A58CC55E216D100500B20CE9 /* HumanСharacteristic.xib */ = {isa = PBXFileReference; lastKnownFileType = file.xib; path = "HumanСharacteristic.xib"; sourceTree = "<group>"; };
		A5B02C65217A241200A9E3A4 /* GenderSelectorViewController.storyboard */ = {isa = PBXFileReference; lastKnownFileType = file.storyboard; path = GenderSelectorViewController.storyboard; sourceTree = "<group>"; };
		A5B02C67217A29C900A9E3A4 /* GenderSelectorViewController.swift */ = {isa = PBXFileReference; lastKnownFileType = sourcecode.swift; path = GenderSelectorViewController.swift; sourceTree = "<group>"; };
		A5E0C32F216F95170045975E /* StringExtentions.swift */ = {isa = PBXFileReference; lastKnownFileType = sourcecode.swift; path = StringExtentions.swift; sourceTree = "<group>"; };
		A5E0C332216F9B560045975E /* CharacteristicCell.swift */ = {isa = PBXFileReference; lastKnownFileType = sourcecode.swift; path = CharacteristicCell.swift; sourceTree = "<group>"; };
		A5E0C333216F9B560045975E /* CharacteristicCell.xib */ = {isa = PBXFileReference; lastKnownFileType = file.xib; path = CharacteristicCell.xib; sourceTree = "<group>"; };
		A5EA83842170F6E70088F8FE /* MainPageInteractor.swift */ = {isa = PBXFileReference; lastKnownFileType = sourcecode.swift; path = MainPageInteractor.swift; sourceTree = "<group>"; };
		A5EA83872170F7370088F8FE /* NetworkService.swift */ = {isa = PBXFileReference; lastKnownFileType = sourcecode.swift; path = NetworkService.swift; sourceTree = "<group>"; };
		A5EA83892170F78D0088F8FE /* FetchingErroHandler.swift */ = {isa = PBXFileReference; lastKnownFileType = sourcecode.swift; path = FetchingErroHandler.swift; sourceTree = "<group>"; };
		A5EA838B2170F81C0088F8FE /* RecipeNetworkService.swift */ = {isa = PBXFileReference; lastKnownFileType = sourcecode.swift; path = RecipeNetworkService.swift; sourceTree = "<group>"; };
		A5EA838D2170F8830088F8FE /* Recipe.swift */ = {isa = PBXFileReference; lastKnownFileType = sourcecode.swift; path = Recipe.swift; sourceTree = "<group>"; };
		A5EA83922170FA260088F8FE /* MainPageInteractorOutput.swift */ = {isa = PBXFileReference; lastKnownFileType = sourcecode.swift; path = MainPageInteractorOutput.swift; sourceTree = "<group>"; };
		B4615E85CA74F815C113661A /* Pods-Diet.debug.xcconfig */ = {isa = PBXFileReference; includeInIndex = 1; lastKnownFileType = text.xcconfig; name = "Pods-Diet.debug.xcconfig"; path = "Pods/Target Support Files/Pods-Diet/Pods-Diet.debug.xcconfig"; sourceTree = "<group>"; };
/* End PBXFileReference section */

/* Begin PBXFrameworksBuildPhase section */
		A58CC535216CF65100B20CE9 /* Frameworks */ = {
			isa = PBXFrameworksBuildPhase;
			buildActionMask = 2147483647;
			files = (
				84724CC972B6ECE071A678C4 /* Pods_Diet.framework in Frameworks */,
			);
			runOnlyForDeploymentPostprocessing = 0;
		};
/* End PBXFrameworksBuildPhase section */

/* Begin PBXGroup section */
		0DBFAC8E0F84E985004B7A01 /* Pods */ = {
			isa = PBXGroup;
			children = (
				B4615E85CA74F815C113661A /* Pods-Diet.debug.xcconfig */,
				50141B71EF97BFCDBE67B05F /* Pods-Diet.release.xcconfig */,
			);
			name = Pods;
			sourceTree = "<group>";
		};
		80B4B8AE01EA24BACB2ED1A0 /* Frameworks */ = {
			isa = PBXGroup;
			children = (
				65EA9E04DFA8B088562DC952 /* Pods_Diet.framework */,
			);
			name = Frameworks;
			sourceTree = "<group>";
		};
		A50250CA2178B31400F674B3 /* WelcomePage */ = {
			isa = PBXGroup;
			children = (
				A548E9CD21776DB000FC62EE /* WelcomeViewController.swift */,
				A548E9CF2177722D00FC62EE /* WelcomePageViewController.storyboard */,
				A548E9D52177783800FC62EE /* WelcomePageViewController.swift */,
			);
			path = WelcomePage;
			sourceTree = "<group>";
		};
		A50250D12178C84800F674B3 /* TestPage */ = {
			isa = PBXGroup;
			children = (
				A50250CB2178B84B00F674B3 /* SelectingViewController.storyboard */,
				A5B02C65217A241200A9E3A4 /* GenderSelectorViewController.storyboard */,
				A5B02C67217A29C900A9E3A4 /* GenderSelectorViewController.swift */,
				A50250CD2178BCFC00F674B3 /* SelectingViewController.swift */,
				A50250CF2178C79D00F674B3 /* TestPageViewController.swift */,
			);
			path = TestPage;
			sourceTree = "<group>";
		};
		A548E9CC21776D6D00FC62EE /* Singletones */ = {
			isa = PBXGroup;
			children = (
				A57C7B0121764278008DA476 /* Network.swift */,
			);
			path = Singletones;
			sourceTree = "<group>";
		};
		A548E9D9217787A800FC62EE /* Appearance */ = {
			isa = PBXGroup;
			children = (
				A548E9D7217787A100FC62EE /* DefaultActionButton.swift */,
				A50250D42178E79000F674B3 /* TriangleView.swift */,
				A50250D62178F4F300F674B3 /* ProgressBar.swift */,
			);
			path = Appearance;
			sourceTree = "<group>";
		};
		A58CC52F216CF65100B20CE9 = {
			isa = PBXGroup;
			children = (
				A58CC53A216CF65100B20CE9 /* Diet */,
				A58CC539216CF65100B20CE9 /* Products */,
				0DBFAC8E0F84E985004B7A01 /* Pods */,
				80B4B8AE01EA24BACB2ED1A0 /* Frameworks */,
			);
			sourceTree = "<group>";
		};
		A58CC539216CF65100B20CE9 /* Products */ = {
			isa = PBXGroup;
			children = (
				A58CC538216CF65100B20CE9 /* Diet.app */,
			);
			name = Products;
			sourceTree = "<group>";
		};
		A58CC53A216CF65100B20CE9 /* Diet */ = {
			isa = PBXGroup;
			children = (
				A548E9D9217787A800FC62EE /* Appearance */,
				A548E9CC21776D6D00FC62EE /* Singletones */,
				A5E0C331216F951E0045975E /* Extensions */,
				A58CC547216CF65200B20CE9 /* Info.plist */,
				A58CC54D216CF69400B20CE9 /* Application */,
				A58CC54F216CF6F100B20CE9 /* MainView */,
				A50250CA2178B31400F674B3 /* WelcomePage */,
				A58CC53F216CF65100B20CE9 /* Main.storyboard */,
				A5EA83902170F8C80088F8FE /* Services */,
				A5EA838F2170F8C00088F8FE /* Models */,
				A58CC54E216CF6A500B20CE9 /* Assets */,
				A50250D12178C84800F674B3 /* TestPage */,
			);
			path = Diet;
			sourceTree = "<group>";
		};
		A58CC54D216CF69400B20CE9 /* Application */ = {
			isa = PBXGroup;
			children = (
				A58CC53B216CF65100B20CE9 /* AppDelegate.swift */,
			);
			path = Application;
			sourceTree = "<group>";
		};
		A58CC54E216CF6A500B20CE9 /* Assets */ = {
			isa = PBXGroup;
			children = (
				A58CC542216CF65200B20CE9 /* Assets.xcassets */,
				A58CC544216CF65200B20CE9 /* LaunchScreen.storyboard */,
			);
			path = Assets;
			sourceTree = "<group>";
		};
		A58CC54F216CF6F100B20CE9 /* MainView */ = {
			isa = PBXGroup;
			children = (
				A5EA83862170F7060088F8FE /* Interactor */,
				A58CC53D216CF65100B20CE9 /* MainViewController.swift */,
				A58CC554216CFC8C00B20CE9 /* Cells */,
			);
			path = MainView;
			sourceTree = "<group>";
		};
		A58CC554216CFC8C00B20CE9 /* Cells */ = {
			isa = PBXGroup;
			children = (
				A5E0C338216F9B7B0045975E /* UpperCell */,
				A5E0C337216F9B6F0045975E /* GoalsCell */,
				A5E0C336216F9B5B0045975E /* HumanCharacteristic */,
			);
			path = Cells;
			sourceTree = "<group>";
		};
		A5E0C331216F951E0045975E /* Extensions */ = {
			isa = PBXGroup;
			children = (
				A5E0C32F216F95170045975E /* StringExtentions.swift */,
				A548E9D12177744200FC62EE /* UIViewControllerExtension.swift */,
				A548E9D32177767900FC62EE /* NSObjectExtension.swift */,
			);
			path = Extensions;
			sourceTree = "<group>";
		};
		A5E0C336216F9B5B0045975E /* HumanCharacteristic */ = {
			isa = PBXGroup;
			children = (
				A58CC55D216D100500B20CE9 /* HumanСharacteristic.swift */,
				A58CC55E216D100500B20CE9 /* HumanСharacteristic.xib */,
				A5E0C332216F9B560045975E /* CharacteristicCell.swift */,
				A5E0C333216F9B560045975E /* CharacteristicCell.xib */,
			);
			path = HumanCharacteristic;
			sourceTree = "<group>";
		};
		A5E0C337216F9B6F0045975E /* GoalsCell */ = {
			isa = PBXGroup;
			children = (
				A58CC555216D097900B20CE9 /* AmountOfWeightToLose.swift */,
				A58CC556216D097900B20CE9 /* AmountOfWeightToLose.xib */,
				A58CC559216D0C9500B20CE9 /* WeightToLoseCell.swift */,
				A58CC55A216D0C9500B20CE9 /* WeightToLoseCell.xib */,
			);
			path = GoalsCell;
			sourceTree = "<group>";
		};
		A5E0C338216F9B7B0045975E /* UpperCell */ = {
			isa = PBXGroup;
			children = (
				A58CC550216CF96700B20CE9 /* UpperCell.swift */,
				A58CC551216CF96700B20CE9 /* UpperCell.xib */,
			);
			path = UpperCell;
			sourceTree = "<group>";
		};
		A5EA83862170F7060088F8FE /* Interactor */ = {
			isa = PBXGroup;
			children = (
				A5EA83842170F6E70088F8FE /* MainPageInteractor.swift */,
				A5EA83922170FA260088F8FE /* MainPageInteractorOutput.swift */,
			);
			path = Interactor;
			sourceTree = "<group>";
		};
		A5EA838F2170F8C00088F8FE /* Models */ = {
			isa = PBXGroup;
			children = (
				A5EA838D2170F8830088F8FE /* Recipe.swift */,
				A50250D22178CB7200F674B3 /* TestViewData.swift */,
			);
			path = Models;
			sourceTree = "<group>";
		};
		A5EA83902170F8C80088F8FE /* Services */ = {
			isa = PBXGroup;
			children = (
				A5EA83912170F8D60088F8FE /* Network */,
				A5EA83892170F78D0088F8FE /* FetchingErroHandler.swift */,
			);
			path = Services;
			sourceTree = "<group>";
		};
		A5EA83912170F8D60088F8FE /* Network */ = {
			isa = PBXGroup;
			children = (
				A5EA83872170F7370088F8FE /* NetworkService.swift */,
				A5EA838B2170F81C0088F8FE /* RecipeNetworkService.swift */,
			);
			path = Network;
			sourceTree = "<group>";
		};
/* End PBXGroup section */

/* Begin PBXNativeTarget section */
		A58CC537216CF65100B20CE9 /* Diet */ = {
			isa = PBXNativeTarget;
			buildConfigurationList = A58CC54A216CF65200B20CE9 /* Build configuration list for PBXNativeTarget "Diet" */;
			buildPhases = (
				87C25B181100AD4730FF025D /* [CP] Check Pods Manifest.lock */,
				A58CC534216CF65100B20CE9 /* Sources */,
				A58CC535216CF65100B20CE9 /* Frameworks */,
				A58CC536216CF65100B20CE9 /* Resources */,
				FA84824A99E42BF46F63158D /* [CP] Embed Pods Frameworks */,
			);
			buildRules = (
			);
			dependencies = (
			);
			name = Diet;
			productName = Diet;
			productReference = A58CC538216CF65100B20CE9 /* Diet.app */;
			productType = "com.apple.product-type.application";
		};
/* End PBXNativeTarget section */

/* Begin PBXProject section */
		A58CC530216CF65100B20CE9 /* Project object */ = {
			isa = PBXProject;
			attributes = {
				LastSwiftUpdateCheck = 1000;
				LastUpgradeCheck = 1000;
				ORGANIZATIONNAME = "Даниил";
				TargetAttributes = {
					A58CC537216CF65100B20CE9 = {
						CreatedOnToolsVersion = 10.0;
					};
				};
			};
			buildConfigurationList = A58CC533216CF65100B20CE9 /* Build configuration list for PBXProject "Diet" */;
			compatibilityVersion = "Xcode 9.3";
			developmentRegion = en;
			hasScannedForEncodings = 0;
			knownRegions = (
				en,
				Base,
			);
			mainGroup = A58CC52F216CF65100B20CE9;
			productRefGroup = A58CC539216CF65100B20CE9 /* Products */;
			projectDirPath = "";
			projectRoot = "";
			targets = (
				A58CC537216CF65100B20CE9 /* Diet */,
			);
		};
/* End PBXProject section */

/* Begin PBXResourcesBuildPhase section */
		A58CC536216CF65100B20CE9 /* Resources */ = {
			isa = PBXResourcesBuildPhase;
			buildActionMask = 2147483647;
			files = (
				A50250CC2178B84B00F674B3 /* SelectingViewController.storyboard in Resources */,
				A5E0C335216F9B560045975E /* CharacteristicCell.xib in Resources */,
				A5B02C66217A241200A9E3A4 /* GenderSelectorViewController.storyboard in Resources */,
				A58CC546216CF65200B20CE9 /* LaunchScreen.storyboard in Resources */,
				A58CC543216CF65200B20CE9 /* Assets.xcassets in Resources */,
				A58CC553216CF96700B20CE9 /* UpperCell.xib in Resources */,
				A58CC558216D097900B20CE9 /* AmountOfWeightToLose.xib in Resources */,
				A58CC541216CF65100B20CE9 /* Main.storyboard in Resources */,
				A58CC55C216D0C9500B20CE9 /* WeightToLoseCell.xib in Resources */,
				A548E9D02177722D00FC62EE /* WelcomePageViewController.storyboard in Resources */,
				A58CC560216D100500B20CE9 /* HumanСharacteristic.xib in Resources */,
			);
			runOnlyForDeploymentPostprocessing = 0;
		};
/* End PBXResourcesBuildPhase section */

/* Begin PBXShellScriptBuildPhase section */
		87C25B181100AD4730FF025D /* [CP] Check Pods Manifest.lock */ = {
			isa = PBXShellScriptBuildPhase;
			buildActionMask = 2147483647;
			files = (
			);
			inputPaths = (
				"${PODS_PODFILE_DIR_PATH}/Podfile.lock",
				"${PODS_ROOT}/Manifest.lock",
			);
			name = "[CP] Check Pods Manifest.lock";
			outputPaths = (
				"$(DERIVED_FILE_DIR)/Pods-Diet-checkManifestLockResult.txt",
			);
			runOnlyForDeploymentPostprocessing = 0;
			shellPath = /bin/sh;
			shellScript = "diff \"${PODS_PODFILE_DIR_PATH}/Podfile.lock\" \"${PODS_ROOT}/Manifest.lock\" > /dev/null\nif [ $? != 0 ] ; then\n    # print error to STDERR\n    echo \"error: The sandbox is not in sync with the Podfile.lock. Run 'pod install' or update your CocoaPods installation.\" >&2\n    exit 1\nfi\n# This output is used by Xcode 'outputs' to avoid re-running this script phase.\necho \"SUCCESS\" > \"${SCRIPT_OUTPUT_FILE_0}\"\n";
			showEnvVarsInLog = 0;
		};
		FA84824A99E42BF46F63158D /* [CP] Embed Pods Frameworks */ = {
			isa = PBXShellScriptBuildPhase;
			buildActionMask = 2147483647;
			files = (
			);
			inputPaths = (
				"${SRCROOT}/Pods/Target Support Files/Pods-Diet/Pods-Diet-frameworks.sh",
				"${BUILT_PRODUCTS_DIR}/Alamofire/Alamofire.framework",
				"${BUILT_PRODUCTS_DIR}/AlamofireImage/AlamofireImage.framework",
				"${BUILT_PRODUCTS_DIR}/Bolts/Bolts.framework",
				"${BUILT_PRODUCTS_DIR}/FBSDKCoreKit/FBSDKCoreKit.framework",
				"${BUILT_PRODUCTS_DIR}/FacebookCore/FacebookCore.framework",
				"${BUILT_PRODUCTS_DIR}/SwiftyJSON/SwiftyJSON.framework",
			);
			name = "[CP] Embed Pods Frameworks";
			outputPaths = (
				"${TARGET_BUILD_DIR}/${FRAMEWORKS_FOLDER_PATH}/Alamofire.framework",
				"${TARGET_BUILD_DIR}/${FRAMEWORKS_FOLDER_PATH}/AlamofireImage.framework",
				"${TARGET_BUILD_DIR}/${FRAMEWORKS_FOLDER_PATH}/Bolts.framework",
				"${TARGET_BUILD_DIR}/${FRAMEWORKS_FOLDER_PATH}/FBSDKCoreKit.framework",
				"${TARGET_BUILD_DIR}/${FRAMEWORKS_FOLDER_PATH}/FacebookCore.framework",
				"${TARGET_BUILD_DIR}/${FRAMEWORKS_FOLDER_PATH}/SwiftyJSON.framework",
			);
			runOnlyForDeploymentPostprocessing = 0;
			shellPath = /bin/sh;
			shellScript = "\"${SRCROOT}/Pods/Target Support Files/Pods-Diet/Pods-Diet-frameworks.sh\"\n";
			showEnvVarsInLog = 0;
		};
/* End PBXShellScriptBuildPhase section */

/* Begin PBXSourcesBuildPhase section */
		A58CC534216CF65100B20CE9 /* Sources */ = {
			isa = PBXSourcesBuildPhase;
			buildActionMask = 2147483647;
			files = (
				A5EA83882170F7370088F8FE /* NetworkService.swift in Sources */,
				A548E9CE21776DB000FC62EE /* WelcomeViewController.swift in Sources */,
				A58CC55F216D100500B20CE9 /* HumanСharacteristic.swift in Sources */,
				A50250D32178CB7200F674B3 /* TestViewData.swift in Sources */,
				A5EA83852170F6E70088F8FE /* MainPageInteractor.swift in Sources */,
				A548E9D22177744200FC62EE /* UIViewControllerExtension.swift in Sources */,
				A50250D02178C79D00F674B3 /* TestPageViewController.swift in Sources */,
				A58CC557216D097900B20CE9 /* AmountOfWeightToLose.swift in Sources */,
				A5EA838C2170F81C0088F8FE /* RecipeNetworkService.swift in Sources */,
				A548E9D42177767900FC62EE /* NSObjectExtension.swift in Sources */,
				A57C7B0221764278008DA476 /* Network.swift in Sources */,
				A5E0C330216F95170045975E /* StringExtentions.swift in Sources */,
				A58CC53E216CF65100B20CE9 /* MainViewController.swift in Sources */,
				A5EA83932170FA260088F8FE /* MainPageInteractorOutput.swift in Sources */,
				A5E0C334216F9B560045975E /* CharacteristicCell.swift in Sources */,
				A50250CE2178BCFC00F674B3 /* SelectingViewController.swift in Sources */,
				A58CC552216CF96700B20CE9 /* UpperCell.swift in Sources */,
				A5EA838A2170F78D0088F8FE /* FetchingErroHandler.swift in Sources */,
				A5B02C68217A29C900A9E3A4 /* GenderSelectorViewController.swift in Sources */,
				A5EA838E2170F8830088F8FE /* Recipe.swift in Sources */,
				A548E9D62177783800FC62EE /* WelcomePageViewController.swift in Sources */,
				A58CC55B216D0C9500B20CE9 /* WeightToLoseCell.swift in Sources */,
				A58CC53C216CF65100B20CE9 /* AppDelegate.swift in Sources */,
				A50250D52178E79000F674B3 /* TriangleView.swift in Sources */,
				A50250D72178F4F300F674B3 /* ProgressBar.swift in Sources */,
				A548E9D8217787A100FC62EE /* DefaultActionButton.swift in Sources */,
			);
			runOnlyForDeploymentPostprocessing = 0;
		};
/* End PBXSourcesBuildPhase section */

/* Begin PBXVariantGroup section */
		A58CC53F216CF65100B20CE9 /* Main.storyboard */ = {
			isa = PBXVariantGroup;
			children = (
				A58CC540216CF65100B20CE9 /* Base */,
			);
			name = Main.storyboard;
			sourceTree = "<group>";
		};
		A58CC544216CF65200B20CE9 /* LaunchScreen.storyboard */ = {
			isa = PBXVariantGroup;
			children = (
				A58CC545216CF65200B20CE9 /* Base */,
			);
			name = LaunchScreen.storyboard;
			sourceTree = "<group>";
		};
/* End PBXVariantGroup section */

/* Begin XCBuildConfiguration section */
		A58CC548216CF65200B20CE9 /* Debug */ = {
			isa = XCBuildConfiguration;
			buildSettings = {
				ALWAYS_SEARCH_USER_PATHS = NO;
				CLANG_ANALYZER_NONNULL = YES;
				CLANG_ANALYZER_NUMBER_OBJECT_CONVERSION = YES_AGGRESSIVE;
				CLANG_CXX_LANGUAGE_STANDARD = "gnu++14";
				CLANG_CXX_LIBRARY = "libc++";
				CLANG_ENABLE_MODULES = YES;
				CLANG_ENABLE_OBJC_ARC = YES;
				CLANG_ENABLE_OBJC_WEAK = YES;
				CLANG_WARN_BLOCK_CAPTURE_AUTORELEASING = YES;
				CLANG_WARN_BOOL_CONVERSION = YES;
				CLANG_WARN_COMMA = YES;
				CLANG_WARN_CONSTANT_CONVERSION = YES;
				CLANG_WARN_DEPRECATED_OBJC_IMPLEMENTATIONS = YES;
				CLANG_WARN_DIRECT_OBJC_ISA_USAGE = YES_ERROR;
				CLANG_WARN_DOCUMENTATION_COMMENTS = YES;
				CLANG_WARN_EMPTY_BODY = YES;
				CLANG_WARN_ENUM_CONVERSION = YES;
				CLANG_WARN_INFINITE_RECURSION = YES;
				CLANG_WARN_INT_CONVERSION = YES;
				CLANG_WARN_NON_LITERAL_NULL_CONVERSION = YES;
				CLANG_WARN_OBJC_IMPLICIT_RETAIN_SELF = YES;
				CLANG_WARN_OBJC_LITERAL_CONVERSION = YES;
				CLANG_WARN_OBJC_ROOT_CLASS = YES_ERROR;
				CLANG_WARN_RANGE_LOOP_ANALYSIS = YES;
				CLANG_WARN_STRICT_PROTOTYPES = YES;
				CLANG_WARN_SUSPICIOUS_MOVE = YES;
				CLANG_WARN_UNGUARDED_AVAILABILITY = YES_AGGRESSIVE;
				CLANG_WARN_UNREACHABLE_CODE = YES;
				CLANG_WARN__DUPLICATE_METHOD_MATCH = YES;
				CODE_SIGN_IDENTITY = "iPhone Developer";
				COPY_PHASE_STRIP = NO;
				DEBUG_INFORMATION_FORMAT = dwarf;
				ENABLE_STRICT_OBJC_MSGSEND = YES;
				ENABLE_TESTABILITY = YES;
				GCC_C_LANGUAGE_STANDARD = gnu11;
				GCC_DYNAMIC_NO_PIC = NO;
				GCC_NO_COMMON_BLOCKS = YES;
				GCC_OPTIMIZATION_LEVEL = 0;
				GCC_PREPROCESSOR_DEFINITIONS = (
					"DEBUG=1",
					"$(inherited)",
				);
				GCC_WARN_64_TO_32_BIT_CONVERSION = YES;
				GCC_WARN_ABOUT_RETURN_TYPE = YES_ERROR;
				GCC_WARN_UNDECLARED_SELECTOR = YES;
				GCC_WARN_UNINITIALIZED_AUTOS = YES_AGGRESSIVE;
				GCC_WARN_UNUSED_FUNCTION = YES;
				GCC_WARN_UNUSED_VARIABLE = YES;
				IPHONEOS_DEPLOYMENT_TARGET = 12.0;
				MTL_ENABLE_DEBUG_INFO = INCLUDE_SOURCE;
				MTL_FAST_MATH = YES;
				ONLY_ACTIVE_ARCH = YES;
				SDKROOT = iphoneos;
				SWIFT_ACTIVE_COMPILATION_CONDITIONS = DEBUG;
				SWIFT_OPTIMIZATION_LEVEL = "-Onone";
			};
			name = Debug;
		};
		A58CC549216CF65200B20CE9 /* Release */ = {
			isa = XCBuildConfiguration;
			buildSettings = {
				ALWAYS_SEARCH_USER_PATHS = NO;
				CLANG_ANALYZER_NONNULL = YES;
				CLANG_ANALYZER_NUMBER_OBJECT_CONVERSION = YES_AGGRESSIVE;
				CLANG_CXX_LANGUAGE_STANDARD = "gnu++14";
				CLANG_CXX_LIBRARY = "libc++";
				CLANG_ENABLE_MODULES = YES;
				CLANG_ENABLE_OBJC_ARC = YES;
				CLANG_ENABLE_OBJC_WEAK = YES;
				CLANG_WARN_BLOCK_CAPTURE_AUTORELEASING = YES;
				CLANG_WARN_BOOL_CONVERSION = YES;
				CLANG_WARN_COMMA = YES;
				CLANG_WARN_CONSTANT_CONVERSION = YES;
				CLANG_WARN_DEPRECATED_OBJC_IMPLEMENTATIONS = YES;
				CLANG_WARN_DIRECT_OBJC_ISA_USAGE = YES_ERROR;
				CLANG_WARN_DOCUMENTATION_COMMENTS = YES;
				CLANG_WARN_EMPTY_BODY = YES;
				CLANG_WARN_ENUM_CONVERSION = YES;
				CLANG_WARN_INFINITE_RECURSION = YES;
				CLANG_WARN_INT_CONVERSION = YES;
				CLANG_WARN_NON_LITERAL_NULL_CONVERSION = YES;
				CLANG_WARN_OBJC_IMPLICIT_RETAIN_SELF = YES;
				CLANG_WARN_OBJC_LITERAL_CONVERSION = YES;
				CLANG_WARN_OBJC_ROOT_CLASS = YES_ERROR;
				CLANG_WARN_RANGE_LOOP_ANALYSIS = YES;
				CLANG_WARN_STRICT_PROTOTYPES = YES;
				CLANG_WARN_SUSPICIOUS_MOVE = YES;
				CLANG_WARN_UNGUARDED_AVAILABILITY = YES_AGGRESSIVE;
				CLANG_WARN_UNREACHABLE_CODE = YES;
				CLANG_WARN__DUPLICATE_METHOD_MATCH = YES;
				CODE_SIGN_IDENTITY = "iPhone Developer";
				COPY_PHASE_STRIP = NO;
				DEBUG_INFORMATION_FORMAT = "dwarf-with-dsym";
				ENABLE_NS_ASSERTIONS = NO;
				ENABLE_STRICT_OBJC_MSGSEND = YES;
				GCC_C_LANGUAGE_STANDARD = gnu11;
				GCC_NO_COMMON_BLOCKS = YES;
				GCC_WARN_64_TO_32_BIT_CONVERSION = YES;
				GCC_WARN_ABOUT_RETURN_TYPE = YES_ERROR;
				GCC_WARN_UNDECLARED_SELECTOR = YES;
				GCC_WARN_UNINITIALIZED_AUTOS = YES_AGGRESSIVE;
				GCC_WARN_UNUSED_FUNCTION = YES;
				GCC_WARN_UNUSED_VARIABLE = YES;
				IPHONEOS_DEPLOYMENT_TARGET = 12.0;
				MTL_ENABLE_DEBUG_INFO = NO;
				MTL_FAST_MATH = YES;
				SDKROOT = iphoneos;
				SWIFT_COMPILATION_MODE = wholemodule;
				SWIFT_OPTIMIZATION_LEVEL = "-O";
				VALIDATE_PRODUCT = YES;
			};
			name = Release;
		};
		A58CC54B216CF65200B20CE9 /* Debug */ = {
			isa = XCBuildConfiguration;
			baseConfigurationReference = B4615E85CA74F815C113661A /* Pods-Diet.debug.xcconfig */;
			buildSettings = {
				ASSETCATALOG_COMPILER_APPICON_NAME = AppIcon;
				CODE_SIGN_STYLE = Automatic;
				DEVELOPMENT_TEAM = M32M9JNSSA;
				INFOPLIST_FILE = Diet/Info.plist;
				LD_RUNPATH_SEARCH_PATHS = (
					"$(inherited)",
					"@executable_path/Frameworks",
				);
				PRODUCT_BUNDLE_IDENTIFIER = org.Diet;
				PRODUCT_NAME = "$(TARGET_NAME)";
				SWIFT_VERSION = 4.2;
				TARGETED_DEVICE_FAMILY = "1,2";
			};
			name = Debug;
		};
		A58CC54C216CF65200B20CE9 /* Release */ = {
			isa = XCBuildConfiguration;
			baseConfigurationReference = 50141B71EF97BFCDBE67B05F /* Pods-Diet.release.xcconfig */;
			buildSettings = {
				ASSETCATALOG_COMPILER_APPICON_NAME = AppIcon;
				CODE_SIGN_STYLE = Automatic;
				DEVELOPMENT_TEAM = M32M9JNSSA;
				INFOPLIST_FILE = Diet/Info.plist;
				LD_RUNPATH_SEARCH_PATHS = (
					"$(inherited)",
					"@executable_path/Frameworks",
				);
				PRODUCT_BUNDLE_IDENTIFIER = org.Diet;
				PRODUCT_NAME = "$(TARGET_NAME)";
				SWIFT_VERSION = 4.2;
				TARGETED_DEVICE_FAMILY = "1,2";
			};
			name = Release;
		};
/* End XCBuildConfiguration section */

/* Begin XCConfigurationList section */
		A58CC533216CF65100B20CE9 /* Build configuration list for PBXProject "Diet" */ = {
			isa = XCConfigurationList;
			buildConfigurations = (
				A58CC548216CF65200B20CE9 /* Debug */,
				A58CC549216CF65200B20CE9 /* Release */,
			);
			defaultConfigurationIsVisible = 0;
			defaultConfigurationName = Release;
		};
		A58CC54A216CF65200B20CE9 /* Build configuration list for PBXNativeTarget "Diet" */ = {
			isa = XCConfigurationList;
			buildConfigurations = (
				A58CC54B216CF65200B20CE9 /* Debug */,
				A58CC54C216CF65200B20CE9 /* Release */,
			);
			defaultConfigurationIsVisible = 0;
			defaultConfigurationName = Release;
		};
/* End XCConfigurationList section */
	};
	rootObject = A58CC530216CF65100B20CE9 /* Project object */;
}
